
Microsoft Visual Studio Solution File, Format Version 12.00
# Visual Studio Version 17
VisualStudioVersion = 17.3.32929.385
MinimumVisualStudioVersion = 10.0.40219.1
Project("{C7167F0D-BC9F-4E6E-AFE1-012C56B48DB5}") = "ReStateWindows.Package", "ReStateWindows.Package\ReStateWindows.Package.wapproj", "{8414FFB4-8B06-4A42-8037-5AE90E6A8D30}"
EndProject
Project("{8BC9CEB8-8B4A-11D0-8D11-00A0C91BC942}") = "ReStateWindows", "ReStateWindows\ReStateWindows.vcxproj", "{AB4FF533-74F5-4D5F-B272-3D018EB02E8B}"
EndProject
Global
	GlobalSection(SolutionConfigurationPlatforms) = preSolution
		Debug|x64 = Debug|x64
		Debug|x86 = Debug|x86
		Debug|ARM64 = Debug|ARM64
		Release|x64 = Release|x64
		Release|x86 = Release|x86
		Release|ARM64 = Release|ARM64
	EndGlobalSection
	GlobalSection(ProjectConfigurationPlatforms) = postSolution
		{8414FFB4-8B06-4A42-8037-5AE90E6A8D30}.Debug|x64.ActiveCfg = Debug|x64
		{8414FFB4-8B06-4A42-8037-5AE90E6A8D30}.Debug|x64.Build.0 = Debug|x64
		{8414FFB4-8B06-4A42-8037-5AE90E6A8D30}.Debug|x64.Deploy.0 = Debug|x64
		{8414FFB4-8B06-4A42-8037-5AE90E6A8D30}.Debug|x86.ActiveCfg = Debug|x86
		{8414FFB4-8B06-4A42-8037-5AE90E6A8D30}.Debug|x86.Build.0 = Debug|x86
		{8414FFB4-8B06-4A42-8037-5AE90E6A8D30}.Debug|x86.Deploy.0 = Debug|x86
		{8414FFB4-8B06-4A42-8037-5AE90E6A8D30}.Debug|ARM64.ActiveCfg = Debug|ARM64
		{8414FFB4-8B06-4A42-8037-5AE90E6A8D30}.Debug|ARM64.Build.0 = Debug|ARM64
		{8414FFB4-8B06-4A42-8037-5AE90E6A8D30}.Debug|ARM64.Deploy.0 = Debug|ARM64
		{8414FFB4-8B06-4A42-8037-5AE90E6A8D30}.Release|x64.ActiveCfg = Release|x64
		{8414FFB4-8B06-4A42-8037-5AE90E6A8D30}.Release|x64.Build.0 = Release|x64
		{8414FFB4-8B06-4A42-8037-5AE90E6A8D30}.Release|x64.Deploy.0 = Release|x64
		{8414FFB4-8B06-4A42-8037-5AE90E6A8D30}.Release|x86.ActiveCfg = Release|x86
		{8414FFB4-8B06-4A42-8037-5AE90E6A8D30}.Release|x86.Build.0 = Release|x86
		{8414FFB4-8B06-4A42-8037-5AE90E6A8D30}.Release|x86.Deploy.0 = Release|x86
		{8414FFB4-8B06-4A42-8037-5AE90E6A8D30}.Release|ARM64.ActiveCfg = Release|ARM64
		{8414FFB4-8B06-4A42-8037-5AE90E6A8D30}.Release|ARM64.Build.0 = Release|ARM64
		{8414FFB4-8B06-4A42-8037-5AE90E6A8D30}.Release|ARM64.Deploy.0 = Release|ARM64
		{AB4FF533-74F5-4D5F-B272-3D018EB02E8B}.Debug|x64.ActiveCfg = Debug|x64
		{AB4FF533-74F5-4D5F-B272-3D018EB02E8B}.Debug|x64.Build.0 = Debug|x64
		{AB4FF533-74F5-4D5F-B272-3D018EB02E8B}.Debug|x64.Deploy.0 = Debug|x64
		{AB4FF533-74F5-4D5F-B272-3D018EB02E8B}.Debug|x86.ActiveCfg = Debug|Win32
		{AB4FF533-74F5-4D5F-B272-3D018EB02E8B}.Debug|x86.Build.0 = Debug|Win32
		{AB4FF533-74F5-4D5F-B272-3D018EB02E8B}.Debug|x86.Deploy.0 = Debug|Win32
		{AB4FF533-74F5-4D5F-B272-3D018EB02E8B}.Debug|ARM64.ActiveCfg = Debug|ARM64
		{AB4FF533-74F5-4D5F-B272-3D018EB02E8B}.Debug|ARM64.Build.0 = Debug|ARM64
		{AB4FF533-74F5-4D5F-B272-3D018EB02E8B}.Debug|ARM64.Deploy.0 = Debug|ARM64
		{AB4FF533-74F5-4D5F-B272-3D018EB02E8B}.Release|x64.ActiveCfg = Release|x64
		{AB4FF533-74F5-4D5F-B272-3D018EB02E8B}.Release|x64.Build.0 = Release|x64
		{AB4FF533-74F5-4D5F-B272-3D018EB02E8B}.Release|x64.Deploy.0 = Release|x64
		{AB4FF533-74F5-4D5F-B272-3D018EB02E8B}.Release|x86.ActiveCfg = Release|Win32
		{AB4FF533-74F5-4D5F-B272-3D018EB02E8B}.Release|x86.Build.0 = Release|Win32
		{AB4FF533-74F5-4D5F-B272-3D018EB02E8B}.Release|x86.Deploy.0 = Release|Win32
		{AB4FF533-74F5-4D5F-B272-3D018EB02E8B}.Release|ARM64.ActiveCfg = Release|ARM64
		{AB4FF533-74F5-4D5F-B272-3D018EB02E8B}.Release|ARM64.Build.0 = Release|ARM64
		{AB4FF533-74F5-4D5F-B272-3D018EB02E8B}.Release|ARM64.Deploy.0 = Release|ARM64
	EndGlobalSection
	GlobalSection(SolutionProperties) = preSolution
		HideSolutionNode = FALSE
	EndGlobalSection
	GlobalSection(ExtensibilityGlobals) = postSolution
		SolutionGuid = {D43FAD39-F619-437D-BB40-04A3982ACB6A}
	EndGlobalSection
EndGlobal
